
Microsoft Visual Studio Solution File, Format Version 12.00
# Visual Studio 2013
VisualStudioVersion = 12.0.30501.0
MinimumVisualStudioVersion = 10.0.40219.1
Project("{8BC9CEB8-8B4A-11D0-8D11-00A0C91BC942}") = "test25-1", "test25-1\test25-1.vcxproj", "{65FD240E-7D51-46BE-AC8B-EC6EA5C09B5A}"
EndProject
Global
	GlobalSection(SolutionConfigurationPlatforms) = preSolution
		Debug|Win32 = Debug|Win32
		Release|Win32 = Release|Win32
	EndGlobalSection
	GlobalSection(ProjectConfigurationPlatforms) = postSolution
		{65FD240E-7D51-46BE-AC8B-EC6EA5C09B5A}.Debug|Win32.ActiveCfg = Debug|Win32
		{65FD240E-7D51-46BE-AC8B-EC6EA5C09B5A}.Debug|Win32.Build.0 = Debug|Win32
		{65FD240E-7D51-46BE-AC8B-EC6EA5C09B5A}.Release|Win32.ActiveCfg = Release|Win32
		{65FD240E-7D51-46BE-AC8B-EC6EA5C09B5A}.Release|Win32.Build.0 = Release|Win32
	EndGlobalSection
	GlobalSection(SolutionProperties) = preSolution
		HideSolutionNode = FALSE
	EndGlobalSection
EndGlobal
