
Microsoft Visual Studio Solution File, Format Version 12.00
# Visual Studio 2013
VisualStudioVersion = 12.0.30501.0
MinimumVisualStudioVersion = 10.0.40219.1
Project("{8BC9CEB8-8B4A-11D0-8D11-00A0C91BC942}") = "test54-1", "test54-1\test54-1.vcxproj", "{E8973C1F-7D11-4195-AB02-F9137BA764FE}"
EndProject
Global
	GlobalSection(SolutionConfigurationPlatforms) = preSolution
		Debug|Win32 = Debug|Win32
		Release|Win32 = Release|Win32
	EndGlobalSection
	GlobalSection(ProjectConfigurationPlatforms) = postSolution
		{E8973C1F-7D11-4195-AB02-F9137BA764FE}.Debug|Win32.ActiveCfg = Debug|Win32
		{E8973C1F-7D11-4195-AB02-F9137BA764FE}.Debug|Win32.Build.0 = Debug|Win32
		{E8973C1F-7D11-4195-AB02-F9137BA764FE}.Release|Win32.ActiveCfg = Release|Win32
		{E8973C1F-7D11-4195-AB02-F9137BA764FE}.Release|Win32.Build.0 = Release|Win32
	EndGlobalSection
	GlobalSection(SolutionProperties) = preSolution
		HideSolutionNode = FALSE
	EndGlobalSection
EndGlobal
